
Microsoft Visual Studio Solution File, Format Version 12.00
# Visual Studio Version 17
VisualStudioVersion = 17.9.34728.123
MinimumVisualStudioVersion = 10.0.40219.1
Project("{9A19103F-16F7-4668-BE54-9A1E7A4F7556}") = "TrilhaApiDesafio", "..\..\trilha-net-api-desafio-para-testes\TrilhaApiDesafio.csproj", "{96463505-F679-4167-BCFD-940EB9CD1EA1}"
EndProject
Project("{2150E333-8FDC-42A3-9474-1A3956D46DE8}") = "src", "src", "{8A7A0171-D9A2-4352-9DD1-4C4047753936}"
EndProject
Global
	GlobalSection(SolutionConfigurationPlatforms) = preSolution
		Debug|Any CPU = Debug|Any CPU
		Release|Any CPU = Release|Any CPU
	EndGlobalSection
	GlobalSection(ProjectConfigurationPlatforms) = postSolution
		{96463505-F679-4167-BCFD-940EB9CD1EA1}.Debug|Any CPU.ActiveCfg = Debug|Any CPU
		{96463505-F679-4167-BCFD-940EB9CD1EA1}.Debug|Any CPU.Build.0 = Debug|Any CPU
		{96463505-F679-4167-BCFD-940EB9CD1EA1}.Release|Any CPU.ActiveCfg = Release|Any CPU
		{96463505-F679-4167-BCFD-940EB9CD1EA1}.Release|Any CPU.Build.0 = Release|Any CPU
	EndGlobalSection
	GlobalSection(SolutionProperties) = preSolution
		HideSolutionNode = FALSE
	EndGlobalSection
	GlobalSection(NestedProjects) = preSolution
		{96463505-F679-4167-BCFD-940EB9CD1EA1} = {8A7A0171-D9A2-4352-9DD1-4C4047753936}
	EndGlobalSection
	GlobalSection(ExtensibilityGlobals) = postSolution
		SolutionGuid = {865096E8-1088-48EF-85C5-E6CA0FBFA12C}
	EndGlobalSection
EndGlobal
