
Microsoft Visual Studio Solution File, Format Version 12.00
# Visual Studio Version 17
VisualStudioVersion = 17.9.34728.123
MinimumVisualStudioVersion = 10.0.40219.1
Project("{FAE04EC0-301F-11D3-BF4B-00C04F79EFBC}") = "NovosTalentos", "NovosTalentos\NovosTalentos.csproj", "{40C0BFF5-D337-4EA0-8B70-B6D3C3DA31F5}"
EndProject
Project("{FAE04EC0-301F-11D3-BF4B-00C04F79EFBC}") = "TesteNovosTalentos", "TesteNovosTalentos\TesteNovosTalentos.csproj", "{3744E93D-BDF9-441D-B648-EA0252B94193}"
EndProject
Global
	GlobalSection(SolutionConfigurationPlatforms) = preSolution
		Debug|Any CPU = Debug|Any CPU
		Release|Any CPU = Release|Any CPU
	EndGlobalSection
	GlobalSection(ProjectConfigurationPlatforms) = postSolution
		{40C0BFF5-D337-4EA0-8B70-B6D3C3DA31F5}.Debug|Any CPU.ActiveCfg = Debug|Any CPU
		{40C0BFF5-D337-4EA0-8B70-B6D3C3DA31F5}.Debug|Any CPU.Build.0 = Debug|Any CPU
		{40C0BFF5-D337-4EA0-8B70-B6D3C3DA31F5}.Release|Any CPU.ActiveCfg = Release|Any CPU
		{40C0BFF5-D337-4EA0-8B70-B6D3C3DA31F5}.Release|Any CPU.Build.0 = Release|Any CPU
		{3744E93D-BDF9-441D-B648-EA0252B94193}.Debug|Any CPU.ActiveCfg = Debug|Any CPU
		{3744E93D-BDF9-441D-B648-EA0252B94193}.Debug|Any CPU.Build.0 = Debug|Any CPU
		{3744E93D-BDF9-441D-B648-EA0252B94193}.Release|Any CPU.ActiveCfg = Release|Any CPU
		{3744E93D-BDF9-441D-B648-EA0252B94193}.Release|Any CPU.Build.0 = Release|Any CPU
	EndGlobalSection
	GlobalSection(SolutionProperties) = preSolution
		HideSolutionNode = FALSE
	EndGlobalSection
	GlobalSection(ExtensibilityGlobals) = postSolution
		SolutionGuid = {8E8DDFA5-248F-45AB-85A2-D782A966B62C}
	EndGlobalSection
EndGlobal
